
Microsoft Visual Studio Solution File, Format Version 12.00
# Visual Studio Version 17
VisualStudioVersion = 17.13.35919.96
MinimumVisualStudioVersion = 10.0.40219.1
Project("{FAE04EC0-301F-11D3-BF4B-00C04F79EFBC}") = "QuizzCapitale", "QuizzCapitale\QuizzCapitale.csproj", "{2A1242AA-9299-4CCF-A35E-6748394CAC91}"
EndProject
Project("{2150E333-8FDC-42A3-9474-1A3956D46DE8}") = "Éléments de solution", "Éléments de solution", "{9C8CB701-102D-CF49-A3E0-89AC09D42C2C}"
	ProjectSection(SolutionItems) = preProject
		.gitignore = .gitignore
	EndProjectSection
EndProject
Project("{FAE04EC0-301F-11D3-BF4B-00C04F79EFBC}") = "RelevesMeteo", "RelevesMeteo\RelevesMeteo.csproj", "{4AF49302-85EA-4D64-A8A9-3400BD0E7357}"
EndProject
Project("{FAE04EC0-301F-11D3-BF4B-00C04F79EFBC}") = "CalendrierPerpetuel", "CalendrierPerpetuel\CalendrierPerpetuel.csproj", "{040DA796-C387-4BD4-8163-A9FB912D6AD0}"
EndProject
Project("{FAE04EC0-301F-11D3-BF4B-00C04F79EFBC}") = "CalendrierPerpetuel_solution", "CalendrierPerpetuel_solution\CalendrierPerpetuel_solution.csproj", "{C4EF4685-355E-443C-963B-5706BC68A6DE}"
EndProject
Project("{FAE04EC0-301F-11D3-BF4B-00C04F79EFBC}") = "Concours", "Concours\Concours.csproj", "{F7133876-119E-46C0-ADB7-91DF35C0EBC9}"
EndProject
Project("{FAE04EC0-301F-11D3-BF4B-00C04F79EFBC}") = "Boites", "Boitier\Boites.csproj", "{11F7F824-BB6D-4744-8D3F-6BD0887C2E47}"
EndProject
Project("{FAE04EC0-301F-11D3-BF4B-00C04F79EFBC}") = "ModelesDeDocuments", "ModelesDeDocuments\ModelesDeDocuments.csproj", "{2FFBBAE5-1ED8-4FE6-A1F4-AA1916EFA150}"
EndProject
Project("{FAE04EC0-301F-11D3-BF4B-00C04F79EFBC}") = "Debogage", "Debogage\Debogage.csproj", "{F445305B-965A-E691-7451-B676283D0AED}"
EndProject
Project("{FAE04EC0-301F-11D3-BF4B-00C04F79EFBC}") = "Boites_Tests", "Boites_Tests\Boites_Tests.csproj", "{7B3A7686-AFD7-4879-9725-9A3761F274A0}"
EndProject
Project("{FAE04EC0-301F-11D3-BF4B-00C04F79EFBC}") = "DistributeurBoissons", "DistributeurBoissons\DistributeurBoissons.csproj", "{83CBF9B9-A7B2-4273-83F6-344275B5568C}"
EndProject
Project("{FAE04EC0-301F-11D3-BF4B-00C04F79EFBC}") = "DistributeurBoissonTest", "DistributeurBoissonTest\DistributeurBoissonTest.csproj", "{21BF843B-167D-403D-9D94-4B580FD4523D}"
EndProject
Project("{FAE04EC0-301F-11D3-BF4B-00C04F79EFBC}") = "Facturation", "Facturation\Facturation.csproj", "{622E1E8C-89F2-4260-ADDB-490F53CD38C3}"
EndProject
Project("{FAE04EC0-301F-11D3-BF4B-00C04F79EFBC}") = "Services", "Services\Services.csproj", "{97207750-6972-232F-BB7B-6106666106AF}"
EndProject
Project("{FAE04EC0-301F-11D3-BF4B-00C04F79EFBC}") = "RelevesMeteos2", "RelevesMeteos2\RelevesMeteos2.csproj", "{055FDFF5-7C11-42F7-B8D7-63E0F267BBD0}"
EndProject
Project("{FAE04EC0-301F-11D3-BF4B-00C04F79EFBC}") = "ComparateurListes", "ComparateurListes\ComparateurListes.csproj", "{E42E623B-500C-4C41-BDD8-030E97B9D842}"
EndProject
Project("{FAE04EC0-301F-11D3-BF4B-00C04F79EFBC}") = "Bibliotheque", "Bibliotheque\Bibliotheque.csproj", "{B64D8D21-7D1D-4DC1-8755-FF3C8FDA25A5}"
EndProject
Global
	GlobalSection(SolutionConfigurationPlatforms) = preSolution
		Debug|Any CPU = Debug|Any CPU
		Release|Any CPU = Release|Any CPU
	EndGlobalSection
	GlobalSection(ProjectConfigurationPlatforms) = postSolution
		{2A1242AA-9299-4CCF-A35E-6748394CAC91}.Debug|Any CPU.ActiveCfg = Debug|Any CPU
		{2A1242AA-9299-4CCF-A35E-6748394CAC91}.Debug|Any CPU.Build.0 = Debug|Any CPU
		{2A1242AA-9299-4CCF-A35E-6748394CAC91}.Release|Any CPU.ActiveCfg = Release|Any CPU
		{2A1242AA-9299-4CCF-A35E-6748394CAC91}.Release|Any CPU.Build.0 = Release|Any CPU
		{4AF49302-85EA-4D64-A8A9-3400BD0E7357}.Debug|Any CPU.ActiveCfg = Debug|Any CPU
		{4AF49302-85EA-4D64-A8A9-3400BD0E7357}.Debug|Any CPU.Build.0 = Debug|Any CPU
		{4AF49302-85EA-4D64-A8A9-3400BD0E7357}.Release|Any CPU.ActiveCfg = Release|Any CPU
		{4AF49302-85EA-4D64-A8A9-3400BD0E7357}.Release|Any CPU.Build.0 = Release|Any CPU
		{040DA796-C387-4BD4-8163-A9FB912D6AD0}.Debug|Any CPU.ActiveCfg = Debug|Any CPU
		{040DA796-C387-4BD4-8163-A9FB912D6AD0}.Debug|Any CPU.Build.0 = Debug|Any CPU
		{040DA796-C387-4BD4-8163-A9FB912D6AD0}.Release|Any CPU.ActiveCfg = Release|Any CPU
		{040DA796-C387-4BD4-8163-A9FB912D6AD0}.Release|Any CPU.Build.0 = Release|Any CPU
		{C4EF4685-355E-443C-963B-5706BC68A6DE}.Debug|Any CPU.ActiveCfg = Debug|Any CPU
		{C4EF4685-355E-443C-963B-5706BC68A6DE}.Debug|Any CPU.Build.0 = Debug|Any CPU
		{C4EF4685-355E-443C-963B-5706BC68A6DE}.Release|Any CPU.ActiveCfg = Release|Any CPU
		{C4EF4685-355E-443C-963B-5706BC68A6DE}.Release|Any CPU.Build.0 = Release|Any CPU
		{F7133876-119E-46C0-ADB7-91DF35C0EBC9}.Debug|Any CPU.ActiveCfg = Debug|Any CPU
		{F7133876-119E-46C0-ADB7-91DF35C0EBC9}.Debug|Any CPU.Build.0 = Debug|Any CPU
		{F7133876-119E-46C0-ADB7-91DF35C0EBC9}.Release|Any CPU.ActiveCfg = Release|Any CPU
		{F7133876-119E-46C0-ADB7-91DF35C0EBC9}.Release|Any CPU.Build.0 = Release|Any CPU
		{11F7F824-BB6D-4744-8D3F-6BD0887C2E47}.Debug|Any CPU.ActiveCfg = Debug|Any CPU
		{11F7F824-BB6D-4744-8D3F-6BD0887C2E47}.Debug|Any CPU.Build.0 = Debug|Any CPU
		{11F7F824-BB6D-4744-8D3F-6BD0887C2E47}.Release|Any CPU.ActiveCfg = Release|Any CPU
		{11F7F824-BB6D-4744-8D3F-6BD0887C2E47}.Release|Any CPU.Build.0 = Release|Any CPU
		{2FFBBAE5-1ED8-4FE6-A1F4-AA1916EFA150}.Debug|Any CPU.ActiveCfg = Debug|Any CPU
		{2FFBBAE5-1ED8-4FE6-A1F4-AA1916EFA150}.Debug|Any CPU.Build.0 = Debug|Any CPU
		{2FFBBAE5-1ED8-4FE6-A1F4-AA1916EFA150}.Release|Any CPU.ActiveCfg = Release|Any CPU
		{2FFBBAE5-1ED8-4FE6-A1F4-AA1916EFA150}.Release|Any CPU.Build.0 = Release|Any CPU
		{F445305B-965A-E691-7451-B676283D0AED}.Debug|Any CPU.ActiveCfg = Debug|Any CPU
		{F445305B-965A-E691-7451-B676283D0AED}.Debug|Any CPU.Build.0 = Debug|Any CPU
		{F445305B-965A-E691-7451-B676283D0AED}.Release|Any CPU.ActiveCfg = Release|Any CPU
		{F445305B-965A-E691-7451-B676283D0AED}.Release|Any CPU.Build.0 = Release|Any CPU
		{7B3A7686-AFD7-4879-9725-9A3761F274A0}.Debug|Any CPU.ActiveCfg = Debug|Any CPU
		{7B3A7686-AFD7-4879-9725-9A3761F274A0}.Debug|Any CPU.Build.0 = Debug|Any CPU
		{7B3A7686-AFD7-4879-9725-9A3761F274A0}.Release|Any CPU.ActiveCfg = Release|Any CPU
		{7B3A7686-AFD7-4879-9725-9A3761F274A0}.Release|Any CPU.Build.0 = Release|Any CPU
		{83CBF9B9-A7B2-4273-83F6-344275B5568C}.Debug|Any CPU.ActiveCfg = Debug|Any CPU
		{83CBF9B9-A7B2-4273-83F6-344275B5568C}.Debug|Any CPU.Build.0 = Debug|Any CPU
		{83CBF9B9-A7B2-4273-83F6-344275B5568C}.Release|Any CPU.ActiveCfg = Release|Any CPU
		{83CBF9B9-A7B2-4273-83F6-344275B5568C}.Release|Any CPU.Build.0 = Release|Any CPU
		{21BF843B-167D-403D-9D94-4B580FD4523D}.Debug|Any CPU.ActiveCfg = Debug|Any CPU
		{21BF843B-167D-403D-9D94-4B580FD4523D}.Debug|Any CPU.Build.0 = Debug|Any CPU
		{21BF843B-167D-403D-9D94-4B580FD4523D}.Release|Any CPU.ActiveCfg = Release|Any CPU
		{21BF843B-167D-403D-9D94-4B580FD4523D}.Release|Any CPU.Build.0 = Release|Any CPU
		{622E1E8C-89F2-4260-ADDB-490F53CD38C3}.Debug|Any CPU.ActiveCfg = Debug|Any CPU
		{622E1E8C-89F2-4260-ADDB-490F53CD38C3}.Debug|Any CPU.Build.0 = Debug|Any CPU
		{622E1E8C-89F2-4260-ADDB-490F53CD38C3}.Release|Any CPU.ActiveCfg = Release|Any CPU
		{622E1E8C-89F2-4260-ADDB-490F53CD38C3}.Release|Any CPU.Build.0 = Release|Any CPU
		{97207750-6972-232F-BB7B-6106666106AF}.Debug|Any CPU.ActiveCfg = Debug|Any CPU
		{97207750-6972-232F-BB7B-6106666106AF}.Debug|Any CPU.Build.0 = Debug|Any CPU
		{97207750-6972-232F-BB7B-6106666106AF}.Release|Any CPU.ActiveCfg = Release|Any CPU
		{97207750-6972-232F-BB7B-6106666106AF}.Release|Any CPU.Build.0 = Release|Any CPU
		{055FDFF5-7C11-42F7-B8D7-63E0F267BBD0}.Debug|Any CPU.ActiveCfg = Debug|Any CPU
		{055FDFF5-7C11-42F7-B8D7-63E0F267BBD0}.Debug|Any CPU.Build.0 = Debug|Any CPU
		{055FDFF5-7C11-42F7-B8D7-63E0F267BBD0}.Release|Any CPU.ActiveCfg = Release|Any CPU
		{055FDFF5-7C11-42F7-B8D7-63E0F267BBD0}.Release|Any CPU.Build.0 = Release|Any CPU
		{E42E623B-500C-4C41-BDD8-030E97B9D842}.Debug|Any CPU.ActiveCfg = Debug|Any CPU
		{E42E623B-500C-4C41-BDD8-030E97B9D842}.Debug|Any CPU.Build.0 = Debug|Any CPU
		{E42E623B-500C-4C41-BDD8-030E97B9D842}.Release|Any CPU.ActiveCfg = Release|Any CPU
		{E42E623B-500C-4C41-BDD8-030E97B9D842}.Release|Any CPU.Build.0 = Release|Any CPU
		{B64D8D21-7D1D-4DC1-8755-FF3C8FDA25A5}.Debug|Any CPU.ActiveCfg = Debug|Any CPU
		{B64D8D21-7D1D-4DC1-8755-FF3C8FDA25A5}.Debug|Any CPU.Build.0 = Debug|Any CPU
		{B64D8D21-7D1D-4DC1-8755-FF3C8FDA25A5}.Release|Any CPU.ActiveCfg = Release|Any CPU
		{B64D8D21-7D1D-4DC1-8755-FF3C8FDA25A5}.Release|Any CPU.Build.0 = Release|Any CPU
	EndGlobalSection
	GlobalSection(SolutionProperties) = preSolution
		HideSolutionNode = FALSE
	EndGlobalSection
	GlobalSection(NestedProjects) = preSolution
		{622E1E8C-89F2-4260-ADDB-490F53CD38C3} = {9C8CB701-102D-CF49-A3E0-89AC09D42C2C}
	EndGlobalSection
	GlobalSection(ExtensibilityGlobals) = postSolution
		SolutionGuid = {575EE9E5-8F88-4393-B658-96B91B3648B0}
	EndGlobalSection
EndGlobal
